// !$*UTF8*$!
{
	archiveVersion = 1;
	classes = {
	};
	objectVersion = 50;
	objects = {

/* Begin PBXBuildFile section */
		41A43FC225DA3EC000EFEA68 /* AppDelegate.m in Sources */ = {isa = PBXBuildFile; fileRef = 41A43FC125DA3EC000EFEA68 /* AppDelegate.m */; };
		41A43FC525DA3EC000EFEA68 /* SceneDelegate.m in Sources */ = {isa = PBXBuildFile; fileRef = 41A43FC425DA3EC000EFEA68 /* SceneDelegate.m */; };
		41A43FC825DA3EC000EFEA68 /* ViewController.m in Sources */ = {isa = PBXBuildFile; fileRef = 41A43FC725DA3EC000EFEA68 /* ViewController.m */; };
		41A43FCB25DA3EC000EFEA68 /* Main.storyboard in Resources */ = {isa = PBXBuildFile; fileRef = 41A43FC925DA3EC000EFEA68 /* Main.storyboard */; };
		41A43FCD25DA3EC200EFEA68 /* Assets.xcassets in Resources */ = {isa = PBXBuildFile; fileRef = 41A43FCC25DA3EC200EFEA68 /* Assets.xcassets */; };
		41A43FD025DA3EC200EFEA68 /* LaunchScreen.storyboard in Resources */ = {isa = PBXBuildFile; fileRef = 41A43FCE25DA3EC200EFEA68 /* LaunchScreen.storyboard */; };
		41A43FD325DA3EC200EFEA68 /* main.m in Sources */ = {isa = PBXBuildFile; fileRef = 41A43FD225DA3EC200EFEA68 /* main.m */; };
		41A43FDD25DA3EC200EFEA68 /* c0metjb_rc1Tests.m in Sources */ = {isa = PBXBuildFile; fileRef = 41A43FDC25DA3EC200EFEA68 /* c0metjb_rc1Tests.m */; };
		41A43FE825DA3EC200EFEA68 /* c0metjb_rc1UITests.m in Sources */ = {isa = PBXBuildFile; fileRef = 41A43FE725DA3EC200EFEA68 /* c0metjb_rc1UITests.m */; };
		41A43FFC25DA3EF600EFEA68 /* appstore.png in Resources */ = {isa = PBXBuildFile; fileRef = 41A43FF925DA3EF600EFEA68 /* appstore.png */; };
		41A43FFD25DA3EF600EFEA68 /* Assets.xcassets in Resources */ = {isa = PBXBuildFile; fileRef = 41A43FFA25DA3EF600EFEA68 /* Assets.xcassets */; };
		41A43FFE25DA3EF600EFEA68 /* playstore.png in Resources */ = {isa = PBXBuildFile; fileRef = 41A43FFB25DA3EF600EFEA68 /* playstore.png */; };
		41A4409625DA441C00EFEA68 /* 149365912_257336269254251_7060001045015927618_n.jpg in Resources */ = {isa = PBXBuildFile; fileRef = 41A4409525DA441C00EFEA68 /* 149365912_257336269254251_7060001045015927618_n.jpg */; };
		41A4409F25DA5D8B00EFEA68 /* comet.m in Sources */ = {isa = PBXBuildFile; fileRef = 41A4409E25DA5D8B00EFEA68 /* comet.m */; };
		41A440B225DA5D9A00EFEA68 /* cicuta_log.c in Sources */ = {isa = PBXBuildFile; fileRef = 41A440A425DA5D9A00EFEA68 /* cicuta_log.c */; };
		41A440B325DA5D9A00EFEA68 /* fake_element_spray.c in Sources */ = {isa = PBXBuildFile; fileRef = 41A440A525DA5D9A00EFEA68 /* fake_element_spray.c */; };
		41A440B425DA5D9A00EFEA68 /* descriptors_utils.c in Sources */ = {isa = PBXBuildFile; fileRef = 41A440A625DA5D9A00EFEA68 /* descriptors_utils.c */; };
		41A440B525DA5D9A00EFEA68 /* LICENSE in Resources */ = {isa = PBXBuildFile; fileRef = 41A440A825DA5D9A00EFEA68 /* LICENSE */; };
		41A440B625DA5D9A00EFEA68 /* cicuta_virosa.c in Sources */ = {isa = PBXBuildFile; fileRef = 41A440A925DA5D9A00EFEA68 /* cicuta_virosa.c */; };
		41A440B725DA5D9A00EFEA68 /* voucher_utils.c in Sources */ = {isa = PBXBuildFile; fileRef = 41A440AA25DA5D9A00EFEA68 /* voucher_utils.c */; };
		41A440B825DA5D9A00EFEA68 /* README.md in Resources */ = {isa = PBXBuildFile; fileRef = 41A440AB25DA5D9A00EFEA68 /* README.md */; };
		41A440B925DA5D9A00EFEA68 /* exploit_utilities.c in Sources */ = {isa = PBXBuildFile; fileRef = 41A440AF25DA5D9A00EFEA68 /* exploit_utilities.c */; };
		41A440E625DA5F6200EFEA68 /* fishhook.c in Sources */ = {isa = PBXBuildFile; fileRef = 41A440E525DA5F6200EFEA68 /* fishhook.c */; };
		41A440F025DA5F6F00EFEA68 /* BypassAntiDebugging.m in Sources */ = {isa = PBXBuildFile; fileRef = 41A440EF25DA5F6F00EFEA68 /* BypassAntiDebugging.m */; };
/* End PBXBuildFile section */

/* Begin PBXContainerItemProxy section */
		41A43FD925DA3EC200EFEA68 /* PBXContainerItemProxy */ = {
			isa = PBXContainerItemProxy;
			containerPortal = 41A43FB525DA3EC000EFEA68 /* Project object */;
			proxyType = 1;
			remoteGlobalIDString = 41A43FBC25DA3EC000EFEA68;
			remoteInfo = c0metjb_rc1;
		};
		41A43FE425DA3EC200EFEA68 /* PBXContainerItemProxy */ = {
			isa = PBXContainerItemProxy;
			containerPortal = 41A43FB525DA3EC000EFEA68 /* Project object */;
			proxyType = 1;
			remoteGlobalIDString = 41A43FBC25DA3EC000EFEA68;
			remoteInfo = c0metjb_rc1;
		};
/* End PBXContainerItemProxy section */

/* Begin PBXFileReference section */
		41A43FBD25DA3EC000EFEA68 /* c0metjb_rc1.app */ = {isa = PBXFileReference; explicitFileType = wrapper.application; includeInIndex = 0; path = c0metjb_rc1.app; sourceTree = BUILT_PRODUCTS_DIR; };
		41A43FC025DA3EC000EFEA68 /* AppDelegate.h */ = {isa = PBXFileReference; lastKnownFileType = sourcecode.c.h; path = AppDelegate.h; sourceTree = "<group>"; };
		41A43FC125DA3EC000EFEA68 /* AppDelegate.m */ = {isa = PBXFileReference; lastKnownFileType = sourcecode.c.objc; path = AppDelegate.m; sourceTree = "<group>"; };
		41A43FC325DA3EC000EFEA68 /* SceneDelegate.h */ = {isa = PBXFileReference; lastKnownFileType = sourcecode.c.h; path = SceneDelegate.h; sourceTree = "<group>"; };
		41A43FC425DA3EC000EFEA68 /* SceneDelegate.m */ = {isa = PBXFileReference; lastKnownFileType = sourcecode.c.objc; path = SceneDelegate.m; sourceTree = "<group>"; };
		41A43FC625DA3EC000EFEA68 /* ViewController.h */ = {isa = PBXFileReference; lastKnownFileType = sourcecode.c.h; path = ViewController.h; sourceTree = "<group>"; };
		41A43FC725DA3EC000EFEA68 /* ViewController.m */ = {isa = PBXFileReference; lastKnownFileType = sourcecode.c.objc; path = ViewController.m; sourceTree = "<group>"; };
		41A43FCA25DA3EC000EFEA68 /* Base */ = {isa = PBXFileReference; lastKnownFileType = file.storyboard; name = Base; path = Base.lproj/Main.storyboard; sourceTree = "<group>"; };
		41A43FCC25DA3EC200EFEA68 /* Assets.xcassets */ = {isa = PBXFileReference; lastKnownFileType = folder.assetcatalog; path = Assets.xcassets; sourceTree = "<group>"; };
		41A43FCF25DA3EC200EFEA68 /* Base */ = {isa = PBXFileReference; lastKnownFileType = file.storyboard; name = Base; path = Base.lproj/LaunchScreen.storyboard; sourceTree = "<group>"; };
		41A43FD125DA3EC200EFEA68 /* Info.plist */ = {isa = PBXFileReference; lastKnownFileType = text.plist.xml; path = Info.plist; sourceTree = "<group>"; };
		41A43FD225DA3EC200EFEA68 /* main.m */ = {isa = PBXFileReference; lastKnownFileType = sourcecode.c.objc; path = main.m; sourceTree = "<group>"; };
		41A43FD825DA3EC200EFEA68 /* c0metjb_rc1Tests.xctest */ = {isa = PBXFileReference; explicitFileType = wrapper.cfbundle; includeInIndex = 0; path = c0metjb_rc1Tests.xctest; sourceTree = BUILT_PRODUCTS_DIR; };
		41A43FDC25DA3EC200EFEA68 /* c0metjb_rc1Tests.m */ = {isa = PBXFileReference; lastKnownFileType = sourcecode.c.objc; path = c0metjb_rc1Tests.m; sourceTree = "<group>"; };
		41A43FDE25DA3EC200EFEA68 /* Info.plist */ = {isa = PBXFileReference; lastKnownFileType = text.plist.xml; path = Info.plist; sourceTree = "<group>"; };
		41A43FE325DA3EC200EFEA68 /* c0metjb_rc1UITests.xctest */ = {isa = PBXFileReference; explicitFileType = wrapper.cfbundle; includeInIndex = 0; path = c0metjb_rc1UITests.xctest; sourceTree = BUILT_PRODUCTS_DIR; };
		41A43FE725DA3EC200EFEA68 /* c0metjb_rc1UITests.m */ = {isa = PBXFileReference; lastKnownFileType = sourcecode.c.objc; path = c0metjb_rc1UITests.m; sourceTree = "<group>"; };
		41A43FE925DA3EC200EFEA68 /* Info.plist */ = {isa = PBXFileReference; lastKnownFileType = text.plist.xml; path = Info.plist; sourceTree = "<group>"; };
		41A43FF925DA3EF600EFEA68 /* appstore.png */ = {isa = PBXFileReference; lastKnownFileType = image.png; path = appstore.png; sourceTree = "<group>"; };
		41A43FFA25DA3EF600EFEA68 /* Assets.xcassets */ = {isa = PBXFileReference; lastKnownFileType = folder.assetcatalog; path = Assets.xcassets; sourceTree = "<group>"; };
		41A43FFB25DA3EF600EFEA68 /* playstore.png */ = {isa = PBXFileReference; lastKnownFileType = image.png; path = playstore.png; sourceTree = "<group>"; };
		41A4409525DA441C00EFEA68 /* 149365912_257336269254251_7060001045015927618_n.jpg */ = {isa = PBXFileReference; lastKnownFileType = image.jpeg; path = 149365912_257336269254251_7060001045015927618_n.jpg; sourceTree = "<group>"; };
		41A4409D25DA5D8B00EFEA68 /* comet.h */ = {isa = PBXFileReference; fileEncoding = 4; lastKnownFileType = sourcecode.c.h; path = comet.h; sourceTree = "<group>"; };
		41A4409E25DA5D8B00EFEA68 /* comet.m */ = {isa = PBXFileReference; fileEncoding = 4; lastKnownFileType = sourcecode.c.objc; path = comet.m; sourceTree = "<group>"; };
		41A440A425DA5D9A00EFEA68 /* cicuta_log.c */ = {isa = PBXFileReference; fileEncoding = 4; lastKnownFileType = sourcecode.c.c; path = cicuta_log.c; sourceTree = "<group>"; };
		41A440A525DA5D9A00EFEA68 /* fake_element_spray.c */ = {isa = PBXFileReference; fileEncoding = 4; lastKnownFileType = sourcecode.c.c; path = fake_element_spray.c; sourceTree = "<group>"; };
		41A440A625DA5D9A00EFEA68 /* descriptors_utils.c */ = {isa = PBXFileReference; fileEncoding = 4; lastKnownFileType = sourcecode.c.c; path = descriptors_utils.c; sourceTree = "<group>"; };
		41A440A725DA5D9A00EFEA68 /* exploit_utilities.h */ = {isa = PBXFileReference; fileEncoding = 4; lastKnownFileType = sourcecode.c.h; path = exploit_utilities.h; sourceTree = "<group>"; };
		41A440A825DA5D9A00EFEA68 /* LICENSE */ = {isa = PBXFileReference; fileEncoding = 4; lastKnownFileType = text; path = LICENSE; sourceTree = "<group>"; };
		41A440A925DA5D9A00EFEA68 /* cicuta_virosa.c */ = {isa = PBXFileReference; fileEncoding = 4; lastKnownFileType = sourcecode.c.c; path = cicuta_virosa.c; sourceTree = "<group>"; };
		41A440AA25DA5D9A00EFEA68 /* voucher_utils.c */ = {isa = PBXFileReference; fileEncoding = 4; lastKnownFileType = sourcecode.c.c; path = voucher_utils.c; sourceTree = "<group>"; };
		41A440AB25DA5D9A00EFEA68 /* README.md */ = {isa = PBXFileReference; fileEncoding = 4; lastKnownFileType = net.daringfireball.markdown; path = README.md; sourceTree = "<group>"; };
		41A440AC25DA5D9A00EFEA68 /* cicuta_log.h */ = {isa = PBXFileReference; fileEncoding = 4; lastKnownFileType = sourcecode.c.h; path = cicuta_log.h; sourceTree = "<group>"; };
		41A440AD25DA5D9A00EFEA68 /* fake_element_spray.h */ = {isa = PBXFileReference; fileEncoding = 4; lastKnownFileType = sourcecode.c.h; path = fake_element_spray.h; sourceTree = "<group>"; };
		41A440AE25DA5D9A00EFEA68 /* voucher_utils.h */ = {isa = PBXFileReference; fileEncoding = 4; lastKnownFileType = sourcecode.c.h; path = voucher_utils.h; sourceTree = "<group>"; };
		41A440AF25DA5D9A00EFEA68 /* exploit_utilities.c */ = {isa = PBXFileReference; fileEncoding = 4; lastKnownFileType = sourcecode.c.c; path = exploit_utilities.c; sourceTree = "<group>"; };
		41A440B025DA5D9A00EFEA68 /* cicuta_virosa.h */ = {isa = PBXFileReference; fileEncoding = 4; lastKnownFileType = sourcecode.c.h; path = cicuta_virosa.h; sourceTree = "<group>"; };
		41A440B125DA5D9A00EFEA68 /* descriptors_utils.h */ = {isa = PBXFileReference; fileEncoding = 4; lastKnownFileType = sourcecode.c.h; path = descriptors_utils.h; sourceTree = "<group>"; };
		41A440E525DA5F6200EFEA68 /* fishhook.c */ = {isa = PBXFileReference; lastKnownFileType = sourcecode.c.c; name = fishhook.c; path = ../../PatchDebugging/fishhook/fishhook/fishhook.c; sourceTree = "<group>"; };
		41A440EA25DA5F6400EFEA68 /* fishhook.h */ = {isa = PBXFileReference; lastKnownFileType = sourcecode.c.h; name = fishhook.h; path = ../../PatchDebugging/fishhook/fishhook/fishhook.h; sourceTree = "<group>"; };
		41A440EE25DA5F6D00EFEA68 /* BypassAntiDebugging.h */ = {isa = PBXFileReference; lastKnownFileType = sourcecode.c.h; name = BypassAntiDebugging.h; path = ../../PatchDebugging/BypassAntiDebugging.h; sourceTree = "<group>"; };
		41A440EF25DA5F6F00EFEA68 /* BypassAntiDebugging.m */ = {isa = PBXFileReference; lastKnownFileType = sourcecode.c.objc; name = BypassAntiDebugging.m; path = ../../PatchDebugging/BypassAntiDebugging.m; sourceTree = "<group>"; };
/* End PBXFileReference section */

/* Begin PBXFrameworksBuildPhase section */
		41A43FBA25DA3EC000EFEA68 /* Frameworks */ = {
			isa = PBXFrameworksBuildPhase;
			buildActionMask = 2147483647;
			files = (
			);
			runOnlyForDeploymentPostprocessing = 0;
		};
		41A43FD525DA3EC200EFEA68 /* Frameworks */ = {
			isa = PBXFrameworksBuildPhase;
			buildActionMask = 2147483647;
			files = (
			);
			runOnlyForDeploymentPostprocessing = 0;
		};
		41A43FE025DA3EC200EFEA68 /* Frameworks */ = {
			isa = PBXFrameworksBuildPhase;
			buildActionMask = 2147483647;
			files = (
			);
			runOnlyForDeploymentPostprocessing = 0;
		};
/* End PBXFrameworksBuildPhase section */

/* Begin PBXGroup section */
		41A43FB425DA3EC000EFEA68 = {
			isa = PBXGroup;
			children = (
				41A43FBF25DA3EC000EFEA68 /* c0metjb_rc1 */,
				41A43FDB25DA3EC200EFEA68 /* c0metjb_rc1Tests */,
				41A43FE625DA3EC200EFEA68 /* c0metjb_rc1UITests */,
				41A43FBE25DA3EC000EFEA68 /* Products */,
			);
			sourceTree = "<group>";
		};
		41A43FBE25DA3EC000EFEA68 /* Products */ = {
			isa = PBXGroup;
			children = (
				41A43FBD25DA3EC000EFEA68 /* c0metjb_rc1.app */,
				41A43FD825DA3EC200EFEA68 /* c0metjb_rc1Tests.xctest */,
				41A43FE325DA3EC200EFEA68 /* c0metjb_rc1UITests.xctest */,
			);
			name = Products;
			sourceTree = "<group>";
		};
		41A43FBF25DA3EC000EFEA68 /* c0metjb_rc1 */ = {
			isa = PBXGroup;
			children = (
				41A440EE25DA5F6D00EFEA68 /* BypassAntiDebugging.h */,
				41A440EF25DA5F6F00EFEA68 /* BypassAntiDebugging.m */,
				41A440E525DA5F6200EFEA68 /* fishhook.c */,
				41A440EA25DA5F6400EFEA68 /* fishhook.h */,
				41A440A325DA5D9A00EFEA68 /* exploit */,
				41A4409C25DA5D8B00EFEA68 /* postexploit */,
				41A4405925DA43CD00EFEA68 /* resources */,
				41A43FF825DA3EF600EFEA68 /* AppIcons */,
				41A43FC025DA3EC000EFEA68 /* AppDelegate.h */,
				41A43FC125DA3EC000EFEA68 /* AppDelegate.m */,
				41A43FC325DA3EC000EFEA68 /* SceneDelegate.h */,
				41A43FC425DA3EC000EFEA68 /* SceneDelegate.m */,
				41A43FC625DA3EC000EFEA68 /* ViewController.h */,
				41A43FC725DA3EC000EFEA68 /* ViewController.m */,
				41A43FC925DA3EC000EFEA68 /* Main.storyboard */,
				41A43FCC25DA3EC200EFEA68 /* Assets.xcassets */,
				41A43FCE25DA3EC200EFEA68 /* LaunchScreen.storyboard */,
				41A43FD125DA3EC200EFEA68 /* Info.plist */,
				41A43FD225DA3EC200EFEA68 /* main.m */,
			);
			path = c0metjb_rc1;
			sourceTree = "<group>";
		};
		41A43FDB25DA3EC200EFEA68 /* c0metjb_rc1Tests */ = {
			isa = PBXGroup;
			children = (
				41A43FDC25DA3EC200EFEA68 /* c0metjb_rc1Tests.m */,
				41A43FDE25DA3EC200EFEA68 /* Info.plist */,
			);
			path = c0metjb_rc1Tests;
			sourceTree = "<group>";
		};
		41A43FE625DA3EC200EFEA68 /* c0metjb_rc1UITests */ = {
			isa = PBXGroup;
			children = (
				41A43FE725DA3EC200EFEA68 /* c0metjb_rc1UITests.m */,
				41A43FE925DA3EC200EFEA68 /* Info.plist */,
			);
			path = c0metjb_rc1UITests;
			sourceTree = "<group>";
		};
		41A43FF825DA3EF600EFEA68 /* AppIcons */ = {
			isa = PBXGroup;
			children = (
				41A43FF925DA3EF600EFEA68 /* appstore.png */,
				41A43FFA25DA3EF600EFEA68 /* Assets.xcassets */,
				41A43FFB25DA3EF600EFEA68 /* playstore.png */,
			);
			name = AppIcons;
			path = ../../../Downloads/AppIcons;
			sourceTree = "<group>";
		};
		41A4405925DA43CD00EFEA68 /* resources */ = {
			isa = PBXGroup;
			children = (
				41A4409525DA441C00EFEA68 /* 149365912_257336269254251_7060001045015927618_n.jpg */,
			);
			path = resources;
			sourceTree = "<group>";
		};
		41A4409C25DA5D8B00EFEA68 /* postexploit */ = {
			isa = PBXGroup;
			children = (
				41A4409D25DA5D8B00EFEA68 /* comet.h */,
				41A4409E25DA5D8B00EFEA68 /* comet.m */,
			);
			path = postexploit;
			sourceTree = "<group>";
		};
		41A440A325DA5D9A00EFEA68 /* exploit */ = {
			isa = PBXGroup;
			children = (
				41A440A425DA5D9A00EFEA68 /* cicuta_log.c */,
				41A440A525DA5D9A00EFEA68 /* fake_element_spray.c */,
				41A440A625DA5D9A00EFEA68 /* descriptors_utils.c */,
				41A440A725DA5D9A00EFEA68 /* exploit_utilities.h */,
				41A440A825DA5D9A00EFEA68 /* LICENSE */,
				41A440A925DA5D9A00EFEA68 /* cicuta_virosa.c */,
				41A440AA25DA5D9A00EFEA68 /* voucher_utils.c */,
				41A440AB25DA5D9A00EFEA68 /* README.md */,
				41A440AC25DA5D9A00EFEA68 /* cicuta_log.h */,
				41A440AD25DA5D9A00EFEA68 /* fake_element_spray.h */,
				41A440AE25DA5D9A00EFEA68 /* voucher_utils.h */,
				41A440AF25DA5D9A00EFEA68 /* exploit_utilities.c */,
				41A440B025DA5D9A00EFEA68 /* cicuta_virosa.h */,
				41A440B125DA5D9A00EFEA68 /* descriptors_utils.h */,
			);
			path = exploit;
			sourceTree = "<group>";
		};
/* End PBXGroup section */

/* Begin PBXNativeTarget section */
		41A43FBC25DA3EC000EFEA68 /* c0metjb_rc1 */ = {
			isa = PBXNativeTarget;
			buildConfigurationList = 41A43FEC25DA3EC200EFEA68 /* Build configuration list for PBXNativeTarget "c0metjb_rc1" */;
			buildPhases = (
				41A43FB925DA3EC000EFEA68 /* Sources */,
				41A43FBA25DA3EC000EFEA68 /* Frameworks */,
				41A43FBB25DA3EC000EFEA68 /* Resources */,
			);
			buildRules = (
			);
			dependencies = (
			);
			name = c0metjb_rc1;
			productName = c0metjb_rc1;
			productReference = 41A43FBD25DA3EC000EFEA68 /* c0metjb_rc1.app */;
			productType = "com.apple.product-type.application";
		};
		41A43FD725DA3EC200EFEA68 /* c0metjb_rc1Tests */ = {
			isa = PBXNativeTarget;
			buildConfigurationList = 41A43FEF25DA3EC200EFEA68 /* Build configuration list for PBXNativeTarget "c0metjb_rc1Tests" */;
			buildPhases = (
				41A43FD425DA3EC200EFEA68 /* Sources */,
				41A43FD525DA3EC200EFEA68 /* Frameworks */,
				41A43FD625DA3EC200EFEA68 /* Resources */,
			);
			buildRules = (
			);
			dependencies = (
				41A43FDA25DA3EC200EFEA68 /* PBXTargetDependency */,
			);
			name = c0metjb_rc1Tests;
			productName = c0metjb_rc1Tests;
			productReference = 41A43FD825DA3EC200EFEA68 /* c0metjb_rc1Tests.xctest */;
			productType = "com.apple.product-type.bundle.unit-test";
		};
		41A43FE225DA3EC200EFEA68 /* c0metjb_rc1UITests */ = {
			isa = PBXNativeTarget;
			buildConfigurationList = 41A43FF225DA3EC200EFEA68 /* Build configuration list for PBXNativeTarget "c0metjb_rc1UITests" */;
			buildPhases = (
				41A43FDF25DA3EC200EFEA68 /* Sources */,
				41A43FE025DA3EC200EFEA68 /* Frameworks */,
				41A43FE125DA3EC200EFEA68 /* Resources */,
			);
			buildRules = (
			);
			dependencies = (
				41A43FE525DA3EC200EFEA68 /* PBXTargetDependency */,
			);
			name = c0metjb_rc1UITests;
			productName = c0metjb_rc1UITests;
			productReference = 41A43FE325DA3EC200EFEA68 /* c0metjb_rc1UITests.xctest */;
			productType = "com.apple.product-type.bundle.ui-testing";
		};
/* End PBXNativeTarget section */

/* Begin PBXProject section */
		41A43FB525DA3EC000EFEA68 /* Project object */ = {
			isa = PBXProject;
			attributes = {
				LastUpgradeCheck = 1240;
				TargetAttributes = {
					41A43FBC25DA3EC000EFEA68 = {
						CreatedOnToolsVersion = 12.4;
					};
					41A43FD725DA3EC200EFEA68 = {
						CreatedOnToolsVersion = 12.4;
						TestTargetID = 41A43FBC25DA3EC000EFEA68;
					};
					41A43FE225DA3EC200EFEA68 = {
						CreatedOnToolsVersion = 12.4;
						TestTargetID = 41A43FBC25DA3EC000EFEA68;
					};
				};
			};
			buildConfigurationList = 41A43FB825DA3EC000EFEA68 /* Build configuration list for PBXProject "c0metjb_rc1" */;
			compatibilityVersion = "Xcode 9.3";
			developmentRegion = en;
			hasScannedForEncodings = 0;
			knownRegions = (
				en,
				Base,
			);
			mainGroup = 41A43FB425DA3EC000EFEA68;
			productRefGroup = 41A43FBE25DA3EC000EFEA68 /* Products */;
			projectDirPath = "";
			projectRoot = "";
			targets = (
				41A43FBC25DA3EC000EFEA68 /* c0metjb_rc1 */,
				41A43FD725DA3EC200EFEA68 /* c0metjb_rc1Tests */,
				41A43FE225DA3EC200EFEA68 /* c0metjb_rc1UITests */,
			);
		};
/* End PBXProject section */

/* Begin PBXResourcesBuildPhase section */
		41A43FBB25DA3EC000EFEA68 /* Resources */ = {
			isa = PBXResourcesBuildPhase;
			buildActionMask = 2147483647;
			files = (
				41A43FD025DA3EC200EFEA68 /* LaunchScreen.storyboard in Resources */,
				41A4409625DA441C00EFEA68 /* 149365912_257336269254251_7060001045015927618_n.jpg in Resources */,
				41A43FFC25DA3EF600EFEA68 /* appstore.png in Resources */,
				41A43FCD25DA3EC200EFEA68 /* Assets.xcassets in Resources */,
				41A440B525DA5D9A00EFEA68 /* LICENSE in Resources */,
				41A43FCB25DA3EC000EFEA68 /* Main.storyboard in Resources */,
				41A43FFD25DA3EF600EFEA68 /* Assets.xcassets in Resources */,
				41A440B825DA5D9A00EFEA68 /* README.md in Resources */,
				41A43FFE25DA3EF600EFEA68 /* playstore.png in Resources */,
			);
			runOnlyForDeploymentPostprocessing = 0;
		};
		41A43FD625DA3EC200EFEA68 /* Resources */ = {
			isa = PBXResourcesBuildPhase;
			buildActionMask = 2147483647;
			files = (
			);
			runOnlyForDeploymentPostprocessing = 0;
		};
		41A43FE125DA3EC200EFEA68 /* Resources */ = {
			isa = PBXResourcesBuildPhase;
			buildActionMask = 2147483647;
			files = (
			);
			runOnlyForDeploymentPostprocessing = 0;
		};
/* End PBXResourcesBuildPhase section */

/* Begin PBXSourcesBuildPhase section */
		41A43FB925DA3EC000EFEA68 /* Sources */ = {
			isa = PBXSourcesBuildPhase;
			buildActionMask = 2147483647;
			files = (
				41A440B725DA5D9A00EFEA68 /* voucher_utils.c in Sources */,
				41A4409F25DA5D8B00EFEA68 /* comet.m in Sources */,
				41A440B225DA5D9A00EFEA68 /* cicuta_log.c in Sources */,
				41A440B425DA5D9A00EFEA68 /* descriptors_utils.c in Sources */,
				41A440B925DA5D9A00EFEA68 /* exploit_utilities.c in Sources */,
				41A440B625DA5D9A00EFEA68 /* cicuta_virosa.c in Sources */,
				41A440B325DA5D9A00EFEA68 /* fake_element_spray.c in Sources */,
				41A440E625DA5F6200EFEA68 /* fishhook.c in Sources */,
				41A43FC825DA3EC000EFEA68 /* ViewController.m in Sources */,
				41A440F025DA5F6F00EFEA68 /* BypassAntiDebugging.m in Sources */,
				41A43FC225DA3EC000EFEA68 /* AppDelegate.m in Sources */,
				41A43FD325DA3EC200EFEA68 /* main.m in Sources */,
				41A43FC525DA3EC000EFEA68 /* SceneDelegate.m in Sources */,
			);
			runOnlyForDeploymentPostprocessing = 0;
		};
		41A43FD425DA3EC200EFEA68 /* Sources */ = {
			isa = PBXSourcesBuildPhase;
			buildActionMask = 2147483647;
			files = (
				41A43FDD25DA3EC200EFEA68 /* c0metjb_rc1Tests.m in Sources */,
			);
			runOnlyForDeploymentPostprocessing = 0;
		};
		41A43FDF25DA3EC200EFEA68 /* Sources */ = {
			isa = PBXSourcesBuildPhase;
			buildActionMask = 2147483647;
			files = (
				41A43FE825DA3EC200EFEA68 /* c0metjb_rc1UITests.m in Sources */,
			);
			runOnlyForDeploymentPostprocessing = 0;
		};
/* End PBXSourcesBuildPhase section */

/* Begin PBXTargetDependency section */
		41A43FDA25DA3EC200EFEA68 /* PBXTargetDependency */ = {
			isa = PBXTargetDependency;
			target = 41A43FBC25DA3EC000EFEA68 /* c0metjb_rc1 */;
			targetProxy = 41A43FD925DA3EC200EFEA68 /* PBXContainerItemProxy */;
		};
		41A43FE525DA3EC200EFEA68 /* PBXTargetDependency */ = {
			isa = PBXTargetDependency;
			target = 41A43FBC25DA3EC000EFEA68 /* c0metjb_rc1 */;
			targetProxy = 41A43FE425DA3EC200EFEA68 /* PBXContainerItemProxy */;
		};
/* End PBXTargetDependency section */

/* Begin PBXVariantGroup section */
		41A43FC925DA3EC000EFEA68 /* Main.storyboard */ = {
			isa = PBXVariantGroup;
			children = (
				41A43FCA25DA3EC000EFEA68 /* Base */,
			);
			name = Main.storyboard;
			sourceTree = "<group>";
		};
		41A43FCE25DA3EC200EFEA68 /* LaunchScreen.storyboard */ = {
			isa = PBXVariantGroup;
			children = (
				41A43FCF25DA3EC200EFEA68 /* Base */,
			);
			name = LaunchScreen.storyboard;
			sourceTree = "<group>";
		};
/* End PBXVariantGroup section */

/* Begin XCBuildConfiguration section */
		41A43FEA25DA3EC200EFEA68 /* Debug */ = {
			isa = XCBuildConfiguration;
			buildSettings = {
				ALWAYS_SEARCH_USER_PATHS = NO;
				CLANG_ANALYZER_NONNULL = YES;
				CLANG_ANALYZER_NUMBER_OBJECT_CONVERSION = YES_AGGRESSIVE;
				CLANG_CXX_LANGUAGE_STANDARD = "gnu++14";
				CLANG_CXX_LIBRARY = "libc++";
				CLANG_ENABLE_MODULES = YES;
				CLANG_ENABLE_OBJC_ARC = YES;
				CLANG_ENABLE_OBJC_WEAK = YES;
				CLANG_WARN_BLOCK_CAPTURE_AUTORELEASING = YES;
				CLANG_WARN_BOOL_CONVERSION = YES;
				CLANG_WARN_COMMA = YES;
				CLANG_WARN_CONSTANT_CONVERSION = YES;
				CLANG_WARN_DEPRECATED_OBJC_IMPLEMENTATIONS = YES;
				CLANG_WARN_DIRECT_OBJC_ISA_USAGE = YES_ERROR;
				CLANG_WARN_DOCUMENTATION_COMMENTS = YES;
				CLANG_WARN_EMPTY_BODY = YES;
				CLANG_WARN_ENUM_CONVERSION = YES;
				CLANG_WARN_INFINITE_RECURSION = YES;
				CLANG_WARN_INT_CONVERSION = YES;
				CLANG_WARN_NON_LITERAL_NULL_CONVERSION = YES;
				CLANG_WARN_OBJC_IMPLICIT_RETAIN_SELF = YES;
				CLANG_WARN_OBJC_LITERAL_CONVERSION = YES;
				CLANG_WARN_OBJC_ROOT_CLASS = YES_ERROR;
				CLANG_WARN_QUOTED_INCLUDE_IN_FRAMEWORK_HEADER = YES;
				CLANG_WARN_RANGE_LOOP_ANALYSIS = YES;
				CLANG_WARN_STRICT_PROTOTYPES = YES;
				CLANG_WARN_SUSPICIOUS_MOVE = YES;
				CLANG_WARN_UNGUARDED_AVAILABILITY = YES_AGGRESSIVE;
				CLANG_WARN_UNREACHABLE_CODE = YES;
				CLANG_WARN__DUPLICATE_METHOD_MATCH = YES;
				COPY_PHASE_STRIP = NO;
				DEBUG_INFORMATION_FORMAT = dwarf;
				ENABLE_STRICT_OBJC_MSGSEND = YES;
				ENABLE_TESTABILITY = YES;
				GCC_C_LANGUAGE_STANDARD = gnu11;
				GCC_DYNAMIC_NO_PIC = NO;
				GCC_NO_COMMON_BLOCKS = YES;
				GCC_OPTIMIZATION_LEVEL = 0;
				GCC_PREPROCESSOR_DEFINITIONS = (
					"DEBUG=1",
					"$(inherited)",
				);
				GCC_WARN_64_TO_32_BIT_CONVERSION = YES;
				GCC_WARN_ABOUT_RETURN_TYPE = YES_ERROR;
				GCC_WARN_UNDECLARED_SELECTOR = YES;
				GCC_WARN_UNINITIALIZED_AUTOS = YES_AGGRESSIVE;
				GCC_WARN_UNUSED_FUNCTION = YES;
				GCC_WARN_UNUSED_VARIABLE = YES;
				IPHONEOS_DEPLOYMENT_TARGET = 14.4;
				MTL_ENABLE_DEBUG_INFO = INCLUDE_SOURCE;
				MTL_FAST_MATH = YES;
				ONLY_ACTIVE_ARCH = YES;
				SDKROOT = iphoneos;
			};
			name = Debug;
		};
		41A43FEB25DA3EC200EFEA68 /* Release */ = {
			isa = XCBuildConfiguration;
			buildSettings = {
				ALWAYS_SEARCH_USER_PATHS = NO;
				CLANG_ANALYZER_NONNULL = YES;
				CLANG_ANALYZER_NUMBER_OBJECT_CONVERSION = YES_AGGRESSIVE;
				CLANG_CXX_LANGUAGE_STANDARD = "gnu++14";
				CLANG_CXX_LIBRARY = "libc++";
				CLANG_ENABLE_MODULES = YES;
				CLANG_ENABLE_OBJC_ARC = YES;
				CLANG_ENABLE_OBJC_WEAK = YES;
				CLANG_WARN_BLOCK_CAPTURE_AUTORELEASING = YES;
				CLANG_WARN_BOOL_CONVERSION = YES;
				CLANG_WARN_COMMA = YES;
				CLANG_WARN_CONSTANT_CONVERSION = YES;
				CLANG_WARN_DEPRECATED_OBJC_IMPLEMENTATIONS = YES;
				CLANG_WARN_DIRECT_OBJC_ISA_USAGE = YES_ERROR;
				CLANG_WARN_DOCUMENTATION_COMMENTS = YES;
				CLANG_WARN_EMPTY_BODY = YES;
				CLANG_WARN_ENUM_CONVERSION = YES;
				CLANG_WARN_INFINITE_RECURSION = YES;
				CLANG_WARN_INT_CONVERSION = YES;
				CLANG_WARN_NON_LITERAL_NULL_CONVERSION = YES;
				CLANG_WARN_OBJC_IMPLICIT_RETAIN_SELF = YES;
				CLANG_WARN_OBJC_LITERAL_CONVERSION = YES;
				CLANG_WARN_OBJC_ROOT_CLASS = YES_ERROR;
				CLANG_WARN_QUOTED_INCLUDE_IN_FRAMEWORK_HEADER = YES;
				CLANG_WARN_RANGE_LOOP_ANALYSIS = YES;
				CLANG_WARN_STRICT_PROTOTYPES = YES;
				CLANG_WARN_SUSPICIOUS_MOVE = YES;
				CLANG_WARN_UNGUARDED_AVAILABILITY = YES_AGGRESSIVE;
				CLANG_WARN_UNREACHABLE_CODE = YES;
				CLANG_WARN__DUPLICATE_METHOD_MATCH = YES;
				COPY_PHASE_STRIP = NO;
				DEBUG_INFORMATION_FORMAT = "dwarf-with-dsym";
				ENABLE_NS_ASSERTIONS = NO;
				ENABLE_STRICT_OBJC_MSGSEND = YES;
				GCC_C_LANGUAGE_STANDARD = gnu11;
				GCC_NO_COMMON_BLOCKS = YES;
				GCC_WARN_64_TO_32_BIT_CONVERSION = YES;
				GCC_WARN_ABOUT_RETURN_TYPE = YES_ERROR;
				GCC_WARN_UNDECLARED_SELECTOR = YES;
				GCC_WARN_UNINITIALIZED_AUTOS = YES_AGGRESSIVE;
				GCC_WARN_UNUSED_FUNCTION = YES;
				GCC_WARN_UNUSED_VARIABLE = YES;
				IPHONEOS_DEPLOYMENT_TARGET = 14.4;
				MTL_ENABLE_DEBUG_INFO = NO;
				MTL_FAST_MATH = YES;
				SDKROOT = iphoneos;
				VALIDATE_PRODUCT = YES;
			};
			name = Release;
		};
		41A43FED25DA3EC200EFEA68 /* Debug */ = {
			isa = XCBuildConfiguration;
			buildSettings = {
				ASSETCATALOG_COMPILER_APPICON_NAME = AppIcon;
				ASSETCATALOG_COMPILER_GLOBAL_ACCENT_COLOR_NAME = AccentColor;
				CODE_SIGN_STYLE = Automatic;
				DEVELOPMENT_TEAM = N2FXTNX7HV;
				INFOPLIST_FILE = c0metjb_rc1/Info.plist;
				IPHONEOS_DEPLOYMENT_TARGET = 13.0;
				LD_RUNPATH_SEARCH_PATHS = (
					"$(inherited)",
					"@executable_path/Frameworks",
				);
				PRODUCT_BUNDLE_IDENTIFIER = "kex.c0metjb-rc1";
				PRODUCT_NAME = "$(TARGET_NAME)";
				TARGETED_DEVICE_FAMILY = 1;
			};
			name = Debug;
		};
		41A43FEE25DA3EC200EFEA68 /* Release */ = {
			isa = XCBuildConfiguration;
			buildSettings = {
				ASSETCATALOG_COMPILER_APPICON_NAME = AppIcon;
				ASSETCATALOG_COMPILER_GLOBAL_ACCENT_COLOR_NAME = AccentColor;
				CODE_SIGN_STYLE = Automatic;
				DEVELOPMENT_TEAM = N2FXTNX7HV;
				INFOPLIST_FILE = c0metjb_rc1/Info.plist;
				IPHONEOS_DEPLOYMENT_TARGET = 13.0;
				LD_RUNPATH_SEARCH_PATHS = (
					"$(inherited)",
					"@executable_path/Frameworks",
				);
				PRODUCT_BUNDLE_IDENTIFIER = "kex.c0metjb-rc1";
				PRODUCT_NAME = "$(TARGET_NAME)";
				TARGETED_DEVICE_FAMILY = 1;
			};
			name = Release;
		};
		41A43FF025DA3EC200EFEA68 /* Debug */ = {
			isa = XCBuildConfiguration;
			buildSettings = {
				BUNDLE_LOADER = "$(TEST_HOST)";
				CODE_SIGN_STYLE = Automatic;
				DEVELOPMENT_TEAM = N2FXTNX7HV;
				INFOPLIST_FILE = c0metjb_rc1Tests/Info.plist;
				IPHONEOS_DEPLOYMENT_TARGET = 14.4;
				LD_RUNPATH_SEARCH_PATHS = (
					"$(inherited)",
					"@executable_path/Frameworks",
					"@loader_path/Frameworks",
				);
				PRODUCT_BUNDLE_IDENTIFIER = "kex.c0metjb-rc1Tests";
				PRODUCT_NAME = "$(TARGET_NAME)";
				TARGETED_DEVICE_FAMILY = "1,2";
				TEST_HOST = "$(BUILT_PRODUCTS_DIR)/c0metjb_rc1.app/c0metjb_rc1";
			};
			name = Debug;
		};
		41A43FF125DA3EC200EFEA68 /* Release */ = {
			isa = XCBuildConfiguration;
			buildSettings = {
				BUNDLE_LOADER = "$(TEST_HOST)";
				CODE_SIGN_STYLE = Automatic;
				DEVELOPMENT_TEAM = N2FXTNX7HV;
				INFOPLIST_FILE = c0metjb_rc1Tests/Info.plist;
				IPHONEOS_DEPLOYMENT_TARGET = 14.4;
				LD_RUNPATH_SEARCH_PATHS = (
					"$(inherited)",
					"@executable_path/Frameworks",
					"@loader_path/Frameworks",
				);
				PRODUCT_BUNDLE_IDENTIFIER = "kex.c0metjb-rc1Tests";
				PRODUCT_NAME = "$(TARGET_NAME)";
				TARGETED_DEVICE_FAMILY = "1,2";
				TEST_HOST = "$(BUILT_PRODUCTS_DIR)/c0metjb_rc1.app/c0metjb_rc1";
			};
			name = Release;
		};
		41A43FF325DA3EC200EFEA68 /* Debug */ = {
			isa = XCBuildConfiguration;
			buildSettings = {
				CODE_SIGN_STYLE = Automatic;
				DEVELOPMENT_TEAM = N2FXTNX7HV;
				INFOPLIST_FILE = c0metjb_rc1UITests/Info.plist;
				LD_RUNPATH_SEARCH_PATHS = (
					"$(inherited)",
					"@executable_path/Frameworks",
					"@loader_path/Frameworks",
				);
				PRODUCT_BUNDLE_IDENTIFIER = "kex.c0metjb-rc1UITests";
				PRODUCT_NAME = "$(TARGET_NAME)";
				TARGETED_DEVICE_FAMILY = "1,2";
				TEST_TARGET_NAME = c0metjb_rc1;
			};
			name = Debug;
		};
		41A43FF425DA3EC200EFEA68 /* Release */ = {
			isa = XCBuildConfiguration;
			buildSettings = {
				CODE_SIGN_STYLE = Automatic;
				DEVELOPMENT_TEAM = N2FXTNX7HV;
				INFOPLIST_FILE = c0metjb_rc1UITests/Info.plist;
				LD_RUNPATH_SEARCH_PATHS = (
					"$(inherited)",
					"@executable_path/Frameworks",
					"@loader_path/Frameworks",
				);
				PRODUCT_BUNDLE_IDENTIFIER = "kex.c0metjb-rc1UITests";
				PRODUCT_NAME = "$(TARGET_NAME)";
				TARGETED_DEVICE_FAMILY = "1,2";
				TEST_TARGET_NAME = c0metjb_rc1;
			};
			name = Release;
		};
/* End XCBuildConfiguration section */

/* Begin XCConfigurationList section */
		41A43FB825DA3EC000EFEA68 /* Build configuration list for PBXProject "c0metjb_rc1" */ = {
			isa = XCConfigurationList;
			buildConfigurations = (
				41A43FEA25DA3EC200EFEA68 /* Debug */,
				41A43FEB25DA3EC200EFEA68 /* Release */,
			);
			defaultConfigurationIsVisible = 0;
			defaultConfigurationName = Release;
		};
		41A43FEC25DA3EC200EFEA68 /* Build configuration list for PBXNativeTarget "c0metjb_rc1" */ = {
			isa = XCConfigurationList;
			buildConfigurations = (
				41A43FED25DA3EC200EFEA68 /* Debug */,
				41A43FEE25DA3EC200EFEA68 /* Release */,
			);
			defaultConfigurationIsVisible = 0;
			defaultConfigurationName = Release;
		};
		41A43FEF25DA3EC200EFEA68 /* Build configuration list for PBXNativeTarget "c0metjb_rc1Tests" */ = {
			isa = XCConfigurationList;
			buildConfigurations = (
				41A43FF025DA3EC200EFEA68 /* Debug */,
				41A43FF125DA3EC200EFEA68 /* Release */,
			);
			defaultConfigurationIsVisible = 0;
			defaultConfigurationName = Release;
		};
		41A43FF225DA3EC200EFEA68 /* Build configuration list for PBXNativeTarget "c0metjb_rc1UITests" */ = {
			isa = XCConfigurationList;
			buildConfigurations = (
				41A43FF325DA3EC200EFEA68 /* Debug */,
				41A43FF425DA3EC200EFEA68 /* Release */,
			);
			defaultConfigurationIsVisible = 0;
			defaultConfigurationName = Release;
		};
/* End XCConfigurationList section */
	};
	rootObject = 41A43FB525DA3EC000EFEA68 /* Project object */;
}
